
Microsoft Visual Studio Solution File, Format Version 12.00
# Visual Studio Version 17
VisualStudioVersion = 17.7.34024.191
MinimumVisualStudioVersion = 10.0.40219.1
Project("{FAE04EC0-301F-11D3-BF4B-00C04F79EFBC}") = "cnpm2", "cnpm2\cnpm2.csproj", "{69BA44C4-0951-485F-AA86-008FDB9CCD92}"
EndProject
Global
	GlobalSection(SolutionConfigurationPlatforms) = preSolution
		Debug|Any CPU = Debug|Any CPU
		Release|Any CPU = Release|Any CPU
	EndGlobalSection
	GlobalSection(ProjectConfigurationPlatforms) = postSolution
		{69BA44C4-0951-485F-AA86-008FDB9CCD92}.Debug|Any CPU.ActiveCfg = Debug|Any CPU
		{69BA44C4-0951-485F-AA86-008FDB9CCD92}.Debug|Any CPU.Build.0 = Debug|Any CPU
		{69BA44C4-0951-485F-AA86-008FDB9CCD92}.Release|Any CPU.ActiveCfg = Release|Any CPU
		{69BA44C4-0951-485F-AA86-008FDB9CCD92}.Release|Any CPU.Build.0 = Release|Any CPU
	EndGlobalSection
	GlobalSection(SolutionProperties) = preSolution
		HideSolutionNode = FALSE
	EndGlobalSection
	GlobalSection(ExtensibilityGlobals) = postSolution
		SolutionGuid = {641E668E-0915-4301-A120-DA1F832D7DBB}
	EndGlobalSection
EndGlobal
